{
    "name": "node-libpd-napi-node-example",
    "version": "0.1.0",
    "lockfileVersion": 3,
    "requires": true,
    "packages": {
        "": {
            "name": "node-libpd-napi-node-example",
            "version": "0.1.0",
            "dependencies": {
                "node-libpd-napi": "file:../.."
            }
        },
        "../..": {
            "version": "0.1.0",
            "license": "MIT",
            "devDependencies": {
                "bindings": "^1.5.0",
                "cmake-js": "^7.3.0",
                "node-addon-api": "^8.2.1"
            }
        },
        "node_modules/node-libpd-napi": {
            "resolved": "../..",
            "link": true
        }
    }
}
